
Microsoft Visual Studio Solution File, Format Version 12.00
# Visual Studio 15
VisualStudioVersion = 15.0.27703.2047
MinimumVisualStudioVersion = 10.0.40219.1
Project("{FAE04EC0-301F-11D3-BF4B-00C04F79EFBC}") = "SiSharp", "SiSharp\SiSharp.csproj", "{E52C230D-E813-434A-9C37-5C2EFF073496}"
EndProject
Global
	GlobalSection(SolutionConfigurationPlatforms) = preSolution
		Debug|Any CPU = Debug|Any CPU
		Release|Any CPU = Release|Any CPU
	EndGlobalSection
	GlobalSection(ProjectConfigurationPlatforms) = postSolution
		{E52C230D-E813-434A-9C37-5C2EFF073496}.Debug|Any CPU.ActiveCfg = Debug|Any CPU
		{E52C230D-E813-434A-9C37-5C2EFF073496}.Debug|Any CPU.Build.0 = Debug|Any CPU
		{E52C230D-E813-434A-9C37-5C2EFF073496}.Release|Any CPU.ActiveCfg = Release|Any CPU
		{E52C230D-E813-434A-9C37-5C2EFF073496}.Release|Any CPU.Build.0 = Release|Any CPU
	EndGlobalSection
	GlobalSection(SolutionProperties) = preSolution
		HideSolutionNode = FALSE
	EndGlobalSection
	GlobalSection(ExtensibilityGlobals) = postSolution
		SolutionGuid = {187E4551-05BF-49D2-959C-624D856C3906}
	EndGlobalSection
EndGlobal
